// !$*UTF8*$!
{
	archiveVersion = 1;
	classes = {
	};
	objectVersion = 50;
	objects = {

/* Begin PBXBuildFile section */
		D0CA89002113306E00C50F07 /* AppDelegate.swift in Sources */ = {isa = PBXBuildFile; fileRef = D0CA88FF2113306E00C50F07 /* AppDelegate.swift */; };
		D0CA89022113306E00C50F07 /* ViewController.swift in Sources */ = {isa = PBXBuildFile; fileRef = D0CA89012113306E00C50F07 /* ViewController.swift */; };
		D0CA89052113306E00C50F07 /* Main.storyboard in Resources */ = {isa = PBXBuildFile; fileRef = D0CA89032113306E00C50F07 /* Main.storyboard */; };
		D0CA89082113306E00C50F07 /* JSON_fun.xcdatamodeld in Sources */ = {isa = PBXBuildFile; fileRef = D0CA89062113306E00C50F07 /* JSON_fun.xcdatamodeld */; };
		D0CA890A2113306F00C50F07 /* Assets.xcassets in Resources */ = {isa = PBXBuildFile; fileRef = D0CA89092113306F00C50F07 /* Assets.xcassets */; };
		D0CA890D2113306F00C50F07 /* LaunchScreen.storyboard in Resources */ = {isa = PBXBuildFile; fileRef = D0CA890B2113306F00C50F07 /* LaunchScreen.storyboard */; };
/* End PBXBuildFile section */

/* Begin PBXFileReference section */
		D0CA88FC2113306E00C50F07 /* JSON fun.app */ = {isa = PBXFileReference; explicitFileType = wrapper.application; includeInIndex = 0; path = "JSON fun.app"; sourceTree = BUILT_PRODUCTS_DIR; };
		D0CA88FF2113306E00C50F07 /* AppDelegate.swift */ = {isa = PBXFileReference; lastKnownFileType = sourcecode.swift; path = AppDelegate.swift; sourceTree = "<group>"; };
		D0CA89012113306E00C50F07 /* ViewController.swift */ = {isa = PBXFileReference; lastKnownFileType = sourcecode.swift; path = ViewController.swift; sourceTree = "<group>"; };
		D0CA89042113306E00C50F07 /* Base */ = {isa = PBXFileReference; lastKnownFileType = file.storyboard; name = Base; path = Base.lproj/Main.storyboard; sourceTree = "<group>"; };
		D0CA89072113306E00C50F07 /* JSON_fun.xcdatamodel */ = {isa = PBXFileReference; lastKnownFileType = wrapper.xcdatamodel; path = JSON_fun.xcdatamodel; sourceTree = "<group>"; };
		D0CA89092113306F00C50F07 /* Assets.xcassets */ = {isa = PBXFileReference; lastKnownFileType = folder.assetcatalog; path = Assets.xcassets; sourceTree = "<group>"; };
		D0CA890C2113306F00C50F07 /* Base */ = {isa = PBXFileReference; lastKnownFileType = file.storyboard; name = Base; path = Base.lproj/LaunchScreen.storyboard; sourceTree = "<group>"; };
		D0CA890E2113306F00C50F07 /* Info.plist */ = {isa = PBXFileReference; lastKnownFileType = text.plist.xml; path = Info.plist; sourceTree = "<group>"; };
/* End PBXFileReference section */

/* Begin PBXFrameworksBuildPhase section */
		D0CA88F92113306E00C50F07 /* Frameworks */ = {
			isa = PBXFrameworksBuildPhase;
			buildActionMask = 2147483647;
			files = (
			);
			runOnlyForDeploymentPostprocessing = 0;
		};
/* End PBXFrameworksBuildPhase section */

/* Begin PBXGroup section */
		D0CA88F32113306E00C50F07 = {
			isa = PBXGroup;
			children = (
				D0CA88FE2113306E00C50F07 /* JSON fun */,
				D0CA88FD2113306E00C50F07 /* Products */,
			);
			sourceTree = "<group>";
		};
		D0CA88FD2113306E00C50F07 /* Products */ = {
			isa = PBXGroup;
			children = (
				D0CA88FC2113306E00C50F07 /* JSON fun.app */,
			);
			name = Products;
			sourceTree = "<group>";
		};
		D0CA88FE2113306E00C50F07 /* JSON fun */ = {
			isa = PBXGroup;
			children = (
				D0CA88FF2113306E00C50F07 /* AppDelegate.swift */,
				D0CA89012113306E00C50F07 /* ViewController.swift */,
				D0CA89032113306E00C50F07 /* Main.storyboard */,
				D0CA89092113306F00C50F07 /* Assets.xcassets */,
				D0CA890B2113306F00C50F07 /* LaunchScreen.storyboard */,
				D0CA890E2113306F00C50F07 /* Info.plist */,
				D0CA89062113306E00C50F07 /* JSON_fun.xcdatamodeld */,
			);
			path = "JSON fun";
			sourceTree = "<group>";
		};
/* End PBXGroup section */

/* Begin PBXNativeTarget section */
		D0CA88FB2113306E00C50F07 /* JSON fun */ = {
			isa = PBXNativeTarget;
			buildConfigurationList = D0CA89112113306F00C50F07 /* Build configuration list for PBXNativeTarget "JSON fun" */;
			buildPhases = (
				D0CA88F82113306E00C50F07 /* Sources */,
				D0CA88F92113306E00C50F07 /* Frameworks */,
				D0CA88FA2113306E00C50F07 /* Resources */,
			);
			buildRules = (
			);
			dependencies = (
			);
			name = "JSON fun";
			productName = "JSON fun";
			productReference = D0CA88FC2113306E00C50F07 /* JSON fun.app */;
			productType = "com.apple.product-type.application";
		};
/* End PBXNativeTarget section */

/* Begin PBXProject section */
		D0CA88F42113306E00C50F07 /* Project object */ = {
			isa = PBXProject;
			attributes = {
				LastSwiftUpdateCheck = 0940;
				LastUpgradeCheck = 0940;
				ORGANIZATIONNAME = ahnYeLim;
				TargetAttributes = {
					D0CA88FB2113306E00C50F07 = {
						CreatedOnToolsVersion = 9.4.1;
					};
				};
			};
			buildConfigurationList = D0CA88F72113306E00C50F07 /* Build configuration list for PBXProject "JSON fun" */;
			compatibilityVersion = "Xcode 9.3";
			developmentRegion = en;
			hasScannedForEncodings = 0;
			knownRegions = (
				en,
				Base,
			);
			mainGroup = D0CA88F32113306E00C50F07;
			productRefGroup = D0CA88FD2113306E00C50F07 /* Products */;
			projectDirPath = "";
			projectRoot = "";
			targets = (
				D0CA88FB2113306E00C50F07 /* JSON fun */,
			);
		};
/* End PBXProject section */

/* Begin PBXResourcesBuildPhase section */
		D0CA88FA2113306E00C50F07 /* Resources */ = {
			isa = PBXResourcesBuildPhase;
			buildActionMask = 2147483647;
			files = (
				D0CA890D2113306F00C50F07 /* LaunchScreen.storyboard in Resources */,
				D0CA890A2113306F00C50F07 /* Assets.xcassets in Resources */,
				D0CA89052113306E00C50F07 /* Main.storyboard in Resources */,
			);
			runOnlyForDeploymentPostprocessing = 0;
		};
/* End PBXResourcesBuildPhase section */

/* Begin PBXSourcesBuildPhase section */
		D0CA88F82113306E00C50F07 /* Sources */ = {
			isa = PBXSourcesBuildPhase;
			buildActionMask = 2147483647;
			files = (
				D0CA89022113306E00C50F07 /* ViewController.swift in Sources */,
				D0CA89082113306E00C50F07 /* JSON_fun.xcdatamodeld in Sources */,
				D0CA89002113306E00C50F07 /* AppDelegate.swift in Sources */,
			);
			runOnlyForDeploymentPostprocessing = 0;
		};
/* End PBXSourcesBuildPhase section */

/* Begin PBXVariantGroup section */
		D0CA89032113306E00C50F07 /* Main.storyboard */ = {
			isa = PBXVariantGroup;
			children = (
				D0CA89042113306E00C50F07 /* Base */,
			);
			name = Main.storyboard;
			sourceTree = "<group>";
		};
		D0CA890B2113306F00C50F07 /* LaunchScreen.storyboard */ = {
			isa = PBXVariantGroup;
			children = (
				D0CA890C2113306F00C50F07 /* Base */,
			);
			name = LaunchScreen.storyboard;
			sourceTree = "<group>";
		};
/* End PBXVariantGroup section */

/* Begin XCBuildConfiguration section */
		D0CA890F2113306F00C50F07 /* Debug */ = {
			isa = XCBuildConfiguration;
			buildSettings = {
				ALWAYS_SEARCH_USER_PATHS = NO;
				CLANG_ANALYZER_NONNULL = YES;
				CLANG_ANALYZER_NUMBER_OBJECT_CONVERSION = YES_AGGRESSIVE;
				CLANG_CXX_LANGUAGE_STANDARD = "gnu++14";
				CLANG_CXX_LIBRARY = "libc++";
				CLANG_ENABLE_MODULES = YES;
				CLANG_ENABLE_OBJC_ARC = YES;
				CLANG_ENABLE_OBJC_WEAK = YES;
				CLANG_WARN_BLOCK_CAPTURE_AUTORELEASING = YES;
				CLANG_WARN_BOOL_CONVERSION = YES;
				CLANG_WARN_COMMA = YES;
				CLANG_WARN_CONSTANT_CONVERSION = YES;
				CLANG_WARN_DEPRECATED_OBJC_IMPLEMENTATIONS = YES;
				CLANG_WARN_DIRECT_OBJC_ISA_USAGE = YES_ERROR;
				CLANG_WARN_DOCUMENTATION_COMMENTS = YES;
				CLANG_WARN_EMPTY_BODY = YES;
				CLANG_WARN_ENUM_CONVERSION = YES;
				CLANG_WARN_INFINITE_RECURSION = YES;
				CLANG_WARN_INT_CONVERSION = YES;
				CLANG_WARN_NON_LITERAL_NULL_CONVERSION = YES;
				CLANG_WARN_OBJC_IMPLICIT_RETAIN_SELF = YES;
				CLANG_WARN_OBJC_LITERAL_CONVERSION = YES;
				CLANG_WARN_OBJC_ROOT_CLASS = YES_ERROR;
				CLANG_WARN_RANGE_LOOP_ANALYSIS = YES;
				CLANG_WARN_STRICT_PROTOTYPES = YES;
				CLANG_WARN_SUSPICIOUS_MOVE = YES;
				CLANG_WARN_UNGUARDED_AVAILABILITY = YES_AGGRESSIVE;
				CLANG_WARN_UNREACHABLE_CODE = YES;
				CLANG_WARN__DUPLICATE_METHOD_MATCH = YES;
				CODE_SIGN_IDENTITY = "iPhone Developer";
				COPY_PHASE_STRIP = NO;
				DEBUG_INFORMATION_FORMAT = dwarf;
				ENABLE_STRICT_OBJC_MSGSEND = YES;
				ENABLE_TESTABILITY = YES;
				GCC_C_LANGUAGE_STANDARD = gnu11;
				GCC_DYNAMIC_NO_PIC = NO;
				GCC_NO_COMMON_BLOCKS = YES;
				GCC_OPTIMIZATION_LEVEL = 0;
				GCC_PREPROCESSOR_DEFINITIONS = (
					"DEBUG=1",
					"$(inherited)",
				);
				GCC_WARN_64_TO_32_BIT_CONVERSION = YES;
				GCC_WARN_ABOUT_RETURN_TYPE = YES_ERROR;
				GCC_WARN_UNDECLARED_SELECTOR = YES;
				GCC_WARN_UNINITIALIZED_AUTOS = YES_AGGRESSIVE;
				GCC_WARN_UNUSED_FUNCTION = YES;
				GCC_WARN_UNUSED_VARIABLE = YES;
				IPHONEOS_DEPLOYMENT_TARGET = 11.4;
				MTL_ENABLE_DEBUG_INFO = YES;
				ONLY_ACTIVE_ARCH = YES;
				SDKROOT = iphoneos;
				SWIFT_ACTIVE_COMPILATION_CONDITIONS = DEBUG;
				SWIFT_OPTIMIZATION_LEVEL = "-Onone";
			};
			name = Debug;
		};
		D0CA89102113306F00C50F07 /* Release */ = {
			isa = XCBuildConfiguration;
			buildSettings = {
				ALWAYS_SEARCH_USER_PATHS = NO;
				CLANG_ANALYZER_NONNULL = YES;
				CLANG_ANALYZER_NUMBER_OBJECT_CONVERSION = YES_AGGRESSIVE;
				CLANG_CXX_LANGUAGE_STANDARD = "gnu++14";
				CLANG_CXX_LIBRARY = "libc++";
				CLANG_ENABLE_MODULES = YES;
				CLANG_ENABLE_OBJC_ARC = YES;
				CLANG_ENABLE_OBJC_WEAK = YES;
				CLANG_WARN_BLOCK_CAPTURE_AUTORELEASING = YES;
				CLANG_WARN_BOOL_CONVERSION = YES;
				CLANG_WARN_COMMA = YES;
				CLANG_WARN_CONSTANT_CONVERSION = YES;
				CLANG_WARN_DEPRECATED_OBJC_IMPLEMENTATIONS = YES;
				CLANG_WARN_DIRECT_OBJC_ISA_USAGE = YES_ERROR;
				CLANG_WARN_DOCUMENTATION_COMMENTS = YES;
				CLANG_WARN_EMPTY_BODY = YES;
				CLANG_WARN_ENUM_CONVERSION = YES;
				CLANG_WARN_INFINITE_RECURSION = YES;
				CLANG_WARN_INT_CONVERSION = YES;
				CLANG_WARN_NON_LITERAL_NULL_CONVERSION = YES;
				CLANG_WARN_OBJC_IMPLICIT_RETAIN_SELF = YES;
				CLANG_WARN_OBJC_LITERAL_CONVERSION = YES;
				CLANG_WARN_OBJC_ROOT_CLASS = YES_ERROR;
				CLANG_WARN_RANGE_LOOP_ANALYSIS = YES;
				CLANG_WARN_STRICT_PROTOTYPES = YES;
				CLANG_WARN_SUSPICIOUS_MOVE = YES;
				CLANG_WARN_UNGUARDED_AVAILABILITY = YES_AGGRESSIVE;
				CLANG_WARN_UNREACHABLE_CODE = YES;
				CLANG_WARN__DUPLICATE_METHOD_MATCH = YES;
				CODE_SIGN_IDENTITY = "iPhone Developer";
				COPY_PHASE_STRIP = NO;
				DEBUG_INFORMATION_FORMAT = "dwarf-with-dsym";
				ENABLE_NS_ASSERTIONS = NO;
				ENABLE_STRICT_OBJC_MSGSEND = YES;
				GCC_C_LANGUAGE_STANDARD = gnu11;
				GCC_NO_COMMON_BLOCKS = YES;
				GCC_WARN_64_TO_32_BIT_CONVERSION = YES;
				GCC_WARN_ABOUT_RETURN_TYPE = YES_ERROR;
				GCC_WARN_UNDECLARED_SELECTOR = YES;
				GCC_WARN_UNINITIALIZED_AUTOS = YES_AGGRESSIVE;
				GCC_WARN_UNUSED_FUNCTION = YES;
				GCC_WARN_UNUSED_VARIABLE = YES;
				IPHONEOS_DEPLOYMENT_TARGET = 11.4;
				MTL_ENABLE_DEBUG_INFO = NO;
				SDKROOT = iphoneos;
				SWIFT_COMPILATION_MODE = wholemodule;
				SWIFT_OPTIMIZATION_LEVEL = "-O";
				VALIDATE_PRODUCT = YES;
			};
			name = Release;
		};
		D0CA89122113306F00C50F07 /* Debug */ = {
			isa = XCBuildConfiguration;
			buildSettings = {
				ASSETCATALOG_COMPILER_APPICON_NAME = AppIcon;
				CODE_SIGN_STYLE = Automatic;
				INFOPLIST_FILE = "JSON fun/Info.plist";
				LD_RUNPATH_SEARCH_PATHS = (
					"$(inherited)",
					"@executable_path/Frameworks",
				);
				PRODUCT_BUNDLE_IDENTIFIER = "tableView.JSON-fun";
				PRODUCT_NAME = "$(TARGET_NAME)";
				SWIFT_VERSION = 4.0;
				TARGETED_DEVICE_FAMILY = "1,2";
			};
			name = Debug;
		};
		D0CA89132113306F00C50F07 /* Release */ = {
			isa = XCBuildConfiguration;
			buildSettings = {
				ASSETCATALOG_COMPILER_APPICON_NAME = AppIcon;
				CODE_SIGN_STYLE = Automatic;
				INFOPLIST_FILE = "JSON fun/Info.plist";
				LD_RUNPATH_SEARCH_PATHS = (
					"$(inherited)",
					"@executable_path/Frameworks",
				);
				PRODUCT_BUNDLE_IDENTIFIER = "tableView.JSON-fun";
				PRODUCT_NAME = "$(TARGET_NAME)";
				SWIFT_VERSION = 4.0;
				TARGETED_DEVICE_FAMILY = "1,2";
			};
			name = Release;
		};
/* End XCBuildConfiguration section */

/* Begin XCConfigurationList section */
		D0CA88F72113306E00C50F07 /* Build configuration list for PBXProject "JSON fun" */ = {
			isa = XCConfigurationList;
			buildConfigurations = (
				D0CA890F2113306F00C50F07 /* Debug */,
				D0CA89102113306F00C50F07 /* Release */,
			);
			defaultConfigurationIsVisible = 0;
			defaultConfigurationName = Release;
		};
		D0CA89112113306F00C50F07 /* Build configuration list for PBXNativeTarget "JSON fun" */ = {
			isa = XCConfigurationList;
			buildConfigurations = (
				D0CA89122113306F00C50F07 /* Debug */,
				D0CA89132113306F00C50F07 /* Release */,
			);
			defaultConfigurationIsVisible = 0;
			defaultConfigurationName = Release;
		};
/* End XCConfigurationList section */

/* Begin XCVersionGroup section */
		D0CA89062113306E00C50F07 /* JSON_fun.xcdatamodeld */ = {
			isa = XCVersionGroup;
			children = (
				D0CA89072113306E00C50F07 /* JSON_fun.xcdatamodel */,
			);
			currentVersion = D0CA89072113306E00C50F07 /* JSON_fun.xcdatamodel */;
			path = JSON_fun.xcdatamodeld;
			sourceTree = "<group>";
			versionGroupType = wrapper.xcdatamodel;
		};
/* End XCVersionGroup section */
	};
	rootObject = D0CA88F42113306E00C50F07 /* Project object */;
}
